github.com/0xcafed00d/joystick v1.0.1/go.mod h1:gzszjNgzP6jtCAeSdC9OqPVO5rO7TJuaw4P7eAjNzx8=
github.com/SpicyChickenFLY/joy2mouse v0.0.0-20210405152923-1e217da1ab7a h1:PPI0tfe3D/cqVMGAawZL/hJw/uCbq5Xhv53mS45Q7Xw=
github.com/SpicyChickenFLY/joy2mouse v0.0.0-20210405152923-1e217da1ab7a/go.mod h1:EEIj6poQEqHxdsQe/BkOtrzNJ8oXxMJ6DuDrcqquTqQ=
github.com/mattn/go-runewidth v0.0.9/go.mod h1:H031xJmbD/WCDINGzjvQ9THkh0rPKHF+m2gUSrubnMI=
github.com/nsf/termbox-go v1.1.0/go.mod h1:T0cTdVuOwf7pHQNtfhnEbzHbcNyCEcVU4YPpouCbVxo=
golang.org/x/sys v0.0.0-20210324051608-47abb6519492/go.mod h1:h1NjWce9XRLGQEsW7wpKNCjG9DtNlClVuFLEZdDNbEs=
golang.org/x/sys v0.0.0-20210403161142-5e06dd20ab57 h1:F5Gozwx4I1xtr/sr/8CFbb57iKi3297KFs0QDbGN60A=
golang.org/x/sys v0.0.0-20210403161142-5e06dd20ab57/go.mod h1:h1NjWce9XRLGQEsW7wpKNCjG9DtNlClVuFLEZdDNbEs=
